
Microsoft Visual Studio Solution File, Format Version 12.00
# Visual Studio 15
Project("{FAE04EC0-301F-11D3-BF4B-00C04F79EFBC}") = "First", "First\First.csproj", "{A24C428C-B6B7-4A60-82AA-AF6D4A2975B1}"
EndProject
Project("{FAE04EC0-301F-11D3-BF4B-00C04F79EFBC}") = "Second", "Second\Second.csproj", "{DE9D4442-C8F7-402C-964E-287BA1A706A5}"
EndProject
Project("{FAE04EC0-301F-11D3-BF4B-00C04F79EFBC}") = "Third", "Third\Third.csproj", "{4A0A5BA7-7697-4B37-8D52-D839B480CE2B}"
EndProject
Project("{FAE04EC0-301F-11D3-BF4B-00C04F79EFBC}") = "Fourth", "Fourth\Fourth.csproj", "{369C5F65-97F5-4B48-A431-44C7CA7BC552}"
EndProject
Project("{FAE04EC0-301F-11D3-BF4B-00C04F79EFBC}") = "Fifth", "Fifth\Fifth.csproj", "{1309D183-5828-4A3E-9B16-5B7A84712B66}"
EndProject
Project("{FAE04EC0-301F-11D3-BF4B-00C04F79EFBC}") = "Sixth", "Sixth\Sixth.csproj", "{C870EF1F-F58D-4024-89EF-BE33205E9C6C}"
EndProject
Project("{FAE04EC0-301F-11D3-BF4B-00C04F79EFBC}") = "Seventh", "Seventh\Seventh.csproj", "{9AA9025E-DA63-4C1B-A77E-A6EB9FB2644A}"
EndProject
Project("{FAE04EC0-301F-11D3-BF4B-00C04F79EFBC}") = "Eighth", "Eighth\Eighth.csproj", "{E95FDC44-369C-419F-9714-35D376C96DB9}"
EndProject
Project("{FAE04EC0-301F-11D3-BF4B-00C04F79EFBC}") = "Ninth", "Ninth\Ninth.csproj", "{46CDE6E0-804F-42A7-912B-6116019C5DAF}"
EndProject
Project("{FAE04EC0-301F-11D3-BF4B-00C04F79EFBC}") = "tenth", "tenth\tenth.csproj", "{3B84EFD6-4198-4476-AD63-701C8DB7298E}"
EndProject
Project("{FAE04EC0-301F-11D3-BF4B-00C04F79EFBC}") = "Eleven", "Eleven\Eleven.csproj", "{F7753E0B-94AC-4766-A19E-EC0FA57FE5C0}"
EndProject
Project("{FAE04EC0-301F-11D3-BF4B-00C04F79EFBC}") = "Twelve", "Twelve\Twelve.csproj", "{98FCCD72-7D7A-4F09-B9D1-DEC24D3150C4}"
EndProject
Global
	GlobalSection(SolutionConfigurationPlatforms) = preSolution
		Debug|x86 = Debug|x86
		Release|x86 = Release|x86
	EndGlobalSection
	GlobalSection(ProjectConfigurationPlatforms) = postSolution
		{A24C428C-B6B7-4A60-82AA-AF6D4A2975B1}.Debug|x86.ActiveCfg = Debug|x86
		{A24C428C-B6B7-4A60-82AA-AF6D4A2975B1}.Debug|x86.Build.0 = Debug|x86
		{A24C428C-B6B7-4A60-82AA-AF6D4A2975B1}.Release|x86.ActiveCfg = Release|x86
		{A24C428C-B6B7-4A60-82AA-AF6D4A2975B1}.Release|x86.Build.0 = Release|x86
		{DE9D4442-C8F7-402C-964E-287BA1A706A5}.Debug|x86.ActiveCfg = Debug|x86
		{DE9D4442-C8F7-402C-964E-287BA1A706A5}.Debug|x86.Build.0 = Debug|x86
		{DE9D4442-C8F7-402C-964E-287BA1A706A5}.Release|x86.ActiveCfg = Release|x86
		{DE9D4442-C8F7-402C-964E-287BA1A706A5}.Release|x86.Build.0 = Release|x86
		{4A0A5BA7-7697-4B37-8D52-D839B480CE2B}.Debug|x86.ActiveCfg = Debug|x86
		{4A0A5BA7-7697-4B37-8D52-D839B480CE2B}.Debug|x86.Build.0 = Debug|x86
		{4A0A5BA7-7697-4B37-8D52-D839B480CE2B}.Release|x86.ActiveCfg = Release|x86
		{4A0A5BA7-7697-4B37-8D52-D839B480CE2B}.Release|x86.Build.0 = Release|x86
		{369C5F65-97F5-4B48-A431-44C7CA7BC552}.Debug|x86.ActiveCfg = Debug|x86
		{369C5F65-97F5-4B48-A431-44C7CA7BC552}.Debug|x86.Build.0 = Debug|x86
		{369C5F65-97F5-4B48-A431-44C7CA7BC552}.Release|x86.ActiveCfg = Release|x86
		{369C5F65-97F5-4B48-A431-44C7CA7BC552}.Release|x86.Build.0 = Release|x86
		{1309D183-5828-4A3E-9B16-5B7A84712B66}.Debug|x86.ActiveCfg = Debug|x86
		{1309D183-5828-4A3E-9B16-5B7A84712B66}.Debug|x86.Build.0 = Debug|x86
		{1309D183-5828-4A3E-9B16-5B7A84712B66}.Release|x86.ActiveCfg = Release|x86
		{1309D183-5828-4A3E-9B16-5B7A84712B66}.Release|x86.Build.0 = Release|x86
		{C870EF1F-F58D-4024-89EF-BE33205E9C6C}.Debug|x86.ActiveCfg = Debug|x86
		{C870EF1F-F58D-4024-89EF-BE33205E9C6C}.Debug|x86.Build.0 = Debug|x86
		{C870EF1F-F58D-4024-89EF-BE33205E9C6C}.Release|x86.ActiveCfg = Release|x86
		{C870EF1F-F58D-4024-89EF-BE33205E9C6C}.Release|x86.Build.0 = Release|x86
		{9AA9025E-DA63-4C1B-A77E-A6EB9FB2644A}.Debug|x86.ActiveCfg = Debug|x86
		{9AA9025E-DA63-4C1B-A77E-A6EB9FB2644A}.Debug|x86.Build.0 = Debug|x86
		{9AA9025E-DA63-4C1B-A77E-A6EB9FB2644A}.Release|x86.ActiveCfg = Release|x86
		{9AA9025E-DA63-4C1B-A77E-A6EB9FB2644A}.Release|x86.Build.0 = Release|x86
		{E95FDC44-369C-419F-9714-35D376C96DB9}.Debug|x86.ActiveCfg = Debug|x86
		{E95FDC44-369C-419F-9714-35D376C96DB9}.Debug|x86.Build.0 = Debug|x86
		{E95FDC44-369C-419F-9714-35D376C96DB9}.Release|x86.ActiveCfg = Release|x86
		{E95FDC44-369C-419F-9714-35D376C96DB9}.Release|x86.Build.0 = Release|x86
		{46CDE6E0-804F-42A7-912B-6116019C5DAF}.Debug|x86.ActiveCfg = Debug|x86
		{46CDE6E0-804F-42A7-912B-6116019C5DAF}.Debug|x86.Build.0 = Debug|x86
		{46CDE6E0-804F-42A7-912B-6116019C5DAF}.Release|x86.ActiveCfg = Release|x86
		{46CDE6E0-804F-42A7-912B-6116019C5DAF}.Release|x86.Build.0 = Release|x86
		{3B84EFD6-4198-4476-AD63-701C8DB7298E}.Debug|x86.ActiveCfg = Debug|x86
		{3B84EFD6-4198-4476-AD63-701C8DB7298E}.Debug|x86.Build.0 = Debug|x86
		{3B84EFD6-4198-4476-AD63-701C8DB7298E}.Release|x86.ActiveCfg = Release|x86
		{3B84EFD6-4198-4476-AD63-701C8DB7298E}.Release|x86.Build.0 = Release|x86
		{F7753E0B-94AC-4766-A19E-EC0FA57FE5C0}.Debug|x86.ActiveCfg = Debug|x86
		{F7753E0B-94AC-4766-A19E-EC0FA57FE5C0}.Debug|x86.Build.0 = Debug|x86
		{F7753E0B-94AC-4766-A19E-EC0FA57FE5C0}.Release|x86.ActiveCfg = Release|x86
		{F7753E0B-94AC-4766-A19E-EC0FA57FE5C0}.Release|x86.Build.0 = Release|x86
		{98FCCD72-7D7A-4F09-B9D1-DEC24D3150C4}.Debug|x86.ActiveCfg = Debug|x86
		{98FCCD72-7D7A-4F09-B9D1-DEC24D3150C4}.Debug|x86.Build.0 = Debug|x86
		{98FCCD72-7D7A-4F09-B9D1-DEC24D3150C4}.Release|x86.ActiveCfg = Release|x86
		{98FCCD72-7D7A-4F09-B9D1-DEC24D3150C4}.Release|x86.Build.0 = Release|x86
	EndGlobalSection
EndGlobal
